
Microsoft Visual Studio Solution File, Format Version 12.00
# Visual Studio Version 17
VisualStudioVersion = 17.8.34330.188
MinimumVisualStudioVersion = 10.0.40219.1
Project("{9A19103F-16F7-4668-BE54-9A1E7A4F7556}") = "Multiscreen", "Multiscreen\Multiscreen.csproj", "{C6E8F771-B42F-4579-9D6A-D2CDBED27686}"
EndProject
Project("{9A19103F-16F7-4668-BE54-9A1E7A4F7556}") = "Multiscreen.Core", "Multiscreen.Core\Multiscreen.Core.csproj", "{947B9957-5A02-4439-AD29-0B13FA474B0A}"
EndProject
Global
	GlobalSection(SolutionConfigurationPlatforms) = preSolution
		Debug|Any CPU = Debug|Any CPU
		Release|Any CPU = Release|Any CPU
	EndGlobalSection
	GlobalSection(ProjectConfigurationPlatforms) = postSolution
		{C6E8F771-B42F-4579-9D6A-D2CDBED27686}.Debug|Any CPU.ActiveCfg = Debug|Any CPU
		{C6E8F771-B42F-4579-9D6A-D2CDBED27686}.Debug|Any CPU.Build.0 = Debug|Any CPU
		{C6E8F771-B42F-4579-9D6A-D2CDBED27686}.Release|Any CPU.ActiveCfg = Release|Any CPU
		{C6E8F771-B42F-4579-9D6A-D2CDBED27686}.Release|Any CPU.Build.0 = Release|Any CPU
		{947B9957-5A02-4439-AD29-0B13FA474B0A}.Debug|Any CPU.ActiveCfg = Debug|Any CPU
		{947B9957-5A02-4439-AD29-0B13FA474B0A}.Debug|Any CPU.Build.0 = Debug|Any CPU
		{947B9957-5A02-4439-AD29-0B13FA474B0A}.Release|Any CPU.ActiveCfg = Release|Any CPU
		{947B9957-5A02-4439-AD29-0B13FA474B0A}.Release|Any CPU.Build.0 = Release|Any CPU
	EndGlobalSection
	GlobalSection(SolutionProperties) = preSolution
		HideSolutionNode = FALSE
	EndGlobalSection
	GlobalSection(ExtensibilityGlobals) = postSolution
		SolutionGuid = {4FD839BD-5D69-4BA9-8D1E-990402BFC70A}
	EndGlobalSection
EndGlobal
